
Microsoft Visual Studio Solution File, Format Version 12.00
# Visual Studio Version 17
VisualStudioVersion = 17.6.33815.320
MinimumVisualStudioVersion = 10.0.40219.1
Project("{FAE04EC0-301F-11D3-BF4B-00C04F79EFBC}") = "CodeHelper", "CodeHelper.csproj", "{5DB71995-117A-43CA-A511-DA6CF0BFE762}"
EndProject
Project("{FAE04EC0-301F-11D3-BF4B-00C04F79EFBC}") = "Test", "..\Test\Test.csproj", "{BCD20974-55A1-4FDB-B8C2-CE1EB21EAC77}"
EndProject
Global
	GlobalSection(SolutionConfigurationPlatforms) = preSolution
		Debug|Any CPU = Debug|Any CPU
		Release|Any CPU = Release|Any CPU
	EndGlobalSection
	GlobalSection(ProjectConfigurationPlatforms) = postSolution
		{5DB71995-117A-43CA-A511-DA6CF0BFE762}.Debug|Any CPU.ActiveCfg = Debug|Any CPU
		{5DB71995-117A-43CA-A511-DA6CF0BFE762}.Debug|Any CPU.Build.0 = Debug|Any CPU
		{5DB71995-117A-43CA-A511-DA6CF0BFE762}.Release|Any CPU.ActiveCfg = Release|Any CPU
		{5DB71995-117A-43CA-A511-DA6CF0BFE762}.Release|Any CPU.Build.0 = Release|Any CPU
		{BCD20974-55A1-4FDB-B8C2-CE1EB21EAC77}.Debug|Any CPU.ActiveCfg = Debug|Any CPU
		{BCD20974-55A1-4FDB-B8C2-CE1EB21EAC77}.Debug|Any CPU.Build.0 = Debug|Any CPU
		{BCD20974-55A1-4FDB-B8C2-CE1EB21EAC77}.Release|Any CPU.ActiveCfg = Release|Any CPU
		{BCD20974-55A1-4FDB-B8C2-CE1EB21EAC77}.Release|Any CPU.Build.0 = Release|Any CPU
	EndGlobalSection
	GlobalSection(SolutionProperties) = preSolution
		HideSolutionNode = FALSE
	EndGlobalSection
	GlobalSection(ExtensibilityGlobals) = postSolution
		SolutionGuid = {EB0B548A-37BB-400B-BD08-F032671DDFF7}
	EndGlobalSection
EndGlobal
